# This file is autogenerated, do not edit; changes may be undone by the next 'dep ensure'.


[[projects]]
  name = "github.com/aws/aws-sdk-go"
  packages = [
    "aws",
    "aws/awserr",
    "aws/awsutil",
    "aws/client",
    "aws/client/metadata",
    "aws/corehandlers",
    "aws/credentials",
    "aws/credentials/ec2rolecreds",
    "aws/credentials/endpointcreds",
    "aws/credentials/stscreds",
    "aws/defaults",
    "aws/ec2metadata",
    "aws/endpoints",
    "aws/request",
    "aws/session",
    "aws/signer/v4",
    "internal/shareddefaults",
    "private/protocol",
    "private/protocol/ec2query",
    "private/protocol/query",
    "private/protocol/query/queryutil",
    "private/protocol/rest",
    "private/protocol/xml/xmlutil",
    "service/ec2",
    "service/sts"
  ]
  revision = "3c754f1d340244540350f0a00b940781bae9c905"
  version = "v1.12.59"

[[projects]]
  name = "github.com/ghodss/yaml"
  packages = ["."]
  revision = "0ca9ea5df5451ffdf184b4428c902747c2c11cd7"
  version = "v1.0.0"

[[projects]]
  name = "github.com/go-ini/ini"
  packages = ["."]
  revision = "32e4c1e6bc4e7d0d8451aa6b75200d19e37a536a"
  version = "v1.32.0"

[[projects]]
  name = "github.com/jmespath/go-jmespath"
  packages = ["."]
  revision = "0b12d6b5"

[[projects]]
  branch = "v2"
  name = "gopkg.in/yaml.v2"
  packages = ["."]
  revision = "c4a9fb418357aceb801272d73efd518f183700fa"

[solve-meta]
  analyzer-name = "dep"
  analyzer-version = 1
  inputs-digest = "5ac982692ded0b2282cc81b12d824efd6d3fd0bc9bd34678e77e393bc77a17ff"
  solver-name = "gps-cdcl"
  solver-version = 1
